
Microsoft Visual Studio Solution File, Format Version 12.00
# Visual Studio Version 17
VisualStudioVersion = 17.9.34622.214
MinimumVisualStudioVersion = 10.0.40219.1
Project("{9A19103F-16F7-4668-BE54-9A1E7A4F7556}") = "Library1", "Library1.csproj", "{FD119F4E-082F-4FE4-AC97-AC73C5BE1188}"
EndProject
Global
	GlobalSection(SolutionConfigurationPlatforms) = preSolution
		Debug|Any CPU = Debug|Any CPU
		Release|Any CPU = Release|Any CPU
	EndGlobalSection
	GlobalSection(ProjectConfigurationPlatforms) = postSolution
		{FD119F4E-082F-4FE4-AC97-AC73C5BE1188}.Debug|Any CPU.ActiveCfg = Debug|Any CPU
		{FD119F4E-082F-4FE4-AC97-AC73C5BE1188}.Debug|Any CPU.Build.0 = Debug|Any CPU
		{FD119F4E-082F-4FE4-AC97-AC73C5BE1188}.Release|Any CPU.ActiveCfg = Release|Any CPU
		{FD119F4E-082F-4FE4-AC97-AC73C5BE1188}.Release|Any CPU.Build.0 = Release|Any CPU
	EndGlobalSection
	GlobalSection(SolutionProperties) = preSolution
		HideSolutionNode = FALSE
	EndGlobalSection
	GlobalSection(ExtensibilityGlobals) = postSolution
		SolutionGuid = {2C834531-4CDA-43D5-A4AC-38DD2C298C4F}
	EndGlobalSection
EndGlobal
