{
  "name": "Library1",
  "lockfileVersion": 3,
  "requires": true,
  "packages": {
    "": {
      "dependencies": {
        "bootstrap": "^5.3.3",
        "jquery": "^3.7.1",
        "ng-angular-popup": "^0.5.2"
      }
    },
    "node_modules/@angular/common": {
      "version": "17.3.5",
      "resolved": "https://registry.npmjs.org/@angular/common/-/common-17.3.5.tgz",
      "integrity": "sha512-Ox91WxSnOSrQ6I21cHi69EfT2Pxtd5Knb5AsdwpxqE57V2E7EnWMhb+LP+holCtFUhK529EGXCk788M+Elyw6g==",
      "peer": true,
      "dependencies": {
        "tslib": "^2.3.0"
      },
      "engines": {
        "node": "^18.13.0 || >=20.9.0"
      },
      "peerDependencies": {
        "@angular/core": "17.3.5",
        "rxjs": "^6.5.3 || ^7.4.0"
      }
    },
    "node_modules/@angular/core": {
      "version": "17.3.5",
      "resolved": "https://registry.npmjs.org/@angular/core/-/core-17.3.5.tgz",
      "integrity": "sha512-y6P27lcrKy3yMx/rtMuGsAnDyVEsS3BdyArTXcD0TOImVGHhVIaB0L95DUCam3ajTe2f2x39eozJZDh7QSpJaw==",
      "peer": true,
      "dependencies": {
        "tslib": "^2.3.0"
      },
      "engines": {
        "node": "^18.13.0 || >=20.9.0"
      },
      "peerDependencies": {
        "rxjs": "^6.5.3 || ^7.4.0",
        "zone.js": "~0.14.0"
      }
    },
    "node_modules/@angular/platform-browser": {
      "version": "17.3.5",
      "resolved": "https://registry.npmjs.org/@angular/platform-browser/-/platform-browser-17.3.5.tgz",
      "integrity": "sha512-ITlu/GTD64Sr0FMaFCJiHoTJrEZw8qRFXjPjv3BKhAp5dQKcwnCm02o1NOaj5d8oIItIh5fbI2zP0CSU2qNZkQ==",
      "peer": true,
      "dependencies": {
        "tslib": "^2.3.0"
      },
      "engines": {
        "node": "^18.13.0 || >=20.9.0"
      },
      "peerDependencies": {
        "@angular/animations": "17.3.5",
        "@angular/common": "17.3.5",
        "@angular/core": "17.3.5"
      },
      "peerDependenciesMeta": {
        "@angular/animations": {
          "optional": true
        }
      }
    },
    "node_modules/@popperjs/core": {
      "version": "2.11.8",
      "resolved": "https://registry.npmjs.org/@popperjs/core/-/core-2.11.8.tgz",
      "integrity": "sha512-P1st0aksCrn9sGZhp8GMYwBnQsbvAWsZAX44oXNNvLHGqAOcoVxmjZiohstwQ7SqKnbR47akdNi+uleWD8+g6A==",
      "peer": true,
      "funding": {
        "type": "opencollective",
        "url": "https://opencollective.com/popperjs"
      }
    },
    "node_modules/bootstrap": {
      "version": "5.3.3",
      "resolved": "https://registry.npmjs.org/bootstrap/-/bootstrap-5.3.3.tgz",
      "integrity": "sha512-8HLCdWgyoMguSO9o+aH+iuZ+aht+mzW0u3HIMzVu7Srrpv7EBBxTnrFlSCskwdY1+EOFQSm7uMJhNQHkdPcmjg==",
      "funding": [
        {
          "type": "github",
          "url": "https://github.com/sponsors/twbs"
        },
        {
          "type": "opencollective",
          "url": "https://opencollective.com/bootstrap"
        }
      ],
      "peerDependencies": {
        "@popperjs/core": "^2.11.8"
      }
    },
    "node_modules/jquery": {
      "version": "3.7.1",
      "resolved": "https://registry.npmjs.org/jquery/-/jquery-3.7.1.tgz",
      "integrity": "sha512-m4avr8yL8kmFN8psrbFFFmB/If14iN5o9nw/NgnnM+kybDJpRsAynV2BsfpTYrTRysYUdADVD7CkUUizgkpLfg=="
    },
    "node_modules/ng-angular-popup": {
      "version": "0.5.2",
      "resolved": "https://registry.npmjs.org/ng-angular-popup/-/ng-angular-popup-0.5.2.tgz",
      "integrity": "sha512-7KLXG1NbQkmdBZjfM9ih/+x6oaSaWxTLQsY2hNTG/kzqJytzIedyPVGy3XgaBooliLZNDMMKLqno8AKWEMxiSw==",
      "dependencies": {
        "tslib": "^2.3.0"
      },
      "peerDependencies": {
        "@angular/common": ">=12.0.0-0",
        "@angular/core": ">=12.0.0-0",
        "@angular/platform-browser": ">=12.0.0-0"
      }
    },
    "node_modules/rxjs": {
      "version": "7.8.1",
      "resolved": "https://registry.npmjs.org/rxjs/-/rxjs-7.8.1.tgz",
      "integrity": "sha512-AA3TVj+0A2iuIoQkWEK/tqFjBq2j+6PO6Y0zJcvzLAFhEFIO3HL0vls9hWLncZbAAbK0mar7oZ4V079I/qPMxg==",
      "peer": true,
      "dependencies": {
        "tslib": "^2.1.0"
      }
    },
    "node_modules/tslib": {
      "version": "2.6.2",
      "resolved": "https://registry.npmjs.org/tslib/-/tslib-2.6.2.tgz",
      "integrity": "sha512-AEYxH93jGFPn/a2iVAwW87VuUIkR1FVUKB77NwMF7nBTDkDrrT/Hpt/IrCJ0QXhW27jTBDcf5ZY7w6RiqTMw2Q=="
    },
    "node_modules/zone.js": {
      "version": "0.14.4",
      "resolved": "https://registry.npmjs.org/zone.js/-/zone.js-0.14.4.tgz",
      "integrity": "sha512-NtTUvIlNELez7Q1DzKVIFZBzNb646boQMgpATo9z3Ftuu/gWvzxCW7jdjcUDoRGxRikrhVHB/zLXh1hxeJawvw==",
      "peer": true,
      "dependencies": {
        "tslib": "^2.3.0"
      }
    }
  }
}
